// !$*UTF8*$!
{
	archiveVersion = 1;
	classes = {
	};
	objectVersion = 50;
	objects = {

/* Begin PBXBuildFile section */
		0C23AA2C26A51643003319FA /* AppDelegate.swift in Sources */ = {isa = PBXBuildFile; fileRef = 0C23AA2B26A51643003319FA /* AppDelegate.swift */; };
		0C23AA2E26A51643003319FA /* SceneDelegate.swift in Sources */ = {isa = PBXBuildFile; fileRef = 0C23AA2D26A51643003319FA /* SceneDelegate.swift */; };
		0C23AA3226A51645003319FA /* Assets.xcassets in Resources */ = {isa = PBXBuildFile; fileRef = 0C23AA3126A51645003319FA /* Assets.xcassets */; };
		0C23AA3526A51645003319FA /* Preview Assets.xcassets in Resources */ = {isa = PBXBuildFile; fileRef = 0C23AA3426A51645003319FA /* Preview Assets.xcassets */; };
		0C23AA3826A51645003319FA /* LaunchScreen.storyboard in Resources */ = {isa = PBXBuildFile; fileRef = 0C23AA3626A51645003319FA /* LaunchScreen.storyboard */; };
		0C23AA4626A522BC003319FA /* HomeScreen.swift in Sources */ = {isa = PBXBuildFile; fileRef = 0C23AA4526A522BC003319FA /* HomeScreen.swift */; };
		0C23AA4926A53CA8003319FA /* SearchScreen.swift in Sources */ = {isa = PBXBuildFile; fileRef = 0C23AA4826A53CA8003319FA /* SearchScreen.swift */; };
		0C23AA4B26A7DA03003319FA /* cities.txt in Resources */ = {isa = PBXBuildFile; fileRef = 0C23AA4A26A7DA02003319FA /* cities.txt */; };
		0C23AA4D26A904B9003319FA /* SimplePosts.swift in Sources */ = {isa = PBXBuildFile; fileRef = 0C23AA4C26A904B9003319FA /* SimplePosts.swift */; };
/* End PBXBuildFile section */

/* Begin PBXFileReference section */
		0C23AA2826A51643003319FA /* student-housing-app.app */ = {isa = PBXFileReference; explicitFileType = wrapper.application; includeInIndex = 0; path = "student-housing-app.app"; sourceTree = BUILT_PRODUCTS_DIR; };
		0C23AA2B26A51643003319FA /* AppDelegate.swift */ = {isa = PBXFileReference; lastKnownFileType = sourcecode.swift; path = AppDelegate.swift; sourceTree = "<group>"; };
		0C23AA2D26A51643003319FA /* SceneDelegate.swift */ = {isa = PBXFileReference; lastKnownFileType = sourcecode.swift; path = SceneDelegate.swift; sourceTree = "<group>"; };
		0C23AA3126A51645003319FA /* Assets.xcassets */ = {isa = PBXFileReference; lastKnownFileType = folder.assetcatalog; path = Assets.xcassets; sourceTree = "<group>"; };
		0C23AA3426A51645003319FA /* Preview Assets.xcassets */ = {isa = PBXFileReference; lastKnownFileType = folder.assetcatalog; path = "Preview Assets.xcassets"; sourceTree = "<group>"; };
		0C23AA3726A51645003319FA /* Base */ = {isa = PBXFileReference; lastKnownFileType = file.storyboard; name = Base; path = Base.lproj/LaunchScreen.storyboard; sourceTree = "<group>"; };
		0C23AA3926A51645003319FA /* Info.plist */ = {isa = PBXFileReference; lastKnownFileType = text.plist.xml; path = Info.plist; sourceTree = "<group>"; };
		0C23AA4526A522BC003319FA /* HomeScreen.swift */ = {isa = PBXFileReference; lastKnownFileType = sourcecode.swift; path = HomeScreen.swift; sourceTree = "<group>"; };
		0C23AA4826A53CA8003319FA /* SearchScreen.swift */ = {isa = PBXFileReference; lastKnownFileType = sourcecode.swift; path = SearchScreen.swift; sourceTree = "<group>"; };
		0C23AA4A26A7DA02003319FA /* cities.txt */ = {isa = PBXFileReference; fileEncoding = 4; lastKnownFileType = text; path = cities.txt; sourceTree = SOURCE_ROOT; };
		0C23AA4C26A904B9003319FA /* SimplePosts.swift */ = {isa = PBXFileReference; lastKnownFileType = sourcecode.swift; path = SimplePosts.swift; sourceTree = "<group>"; };
/* End PBXFileReference section */

/* Begin PBXFrameworksBuildPhase section */
		0C23AA2526A51643003319FA /* Frameworks */ = {
			isa = PBXFrameworksBuildPhase;
			buildActionMask = 2147483647;
			files = (
			);
			runOnlyForDeploymentPostprocessing = 0;
		};
/* End PBXFrameworksBuildPhase section */

/* Begin PBXGroup section */
		0C23AA1F26A51643003319FA = {
			isa = PBXGroup;
			children = (
				0C23AA2A26A51643003319FA /* student-housing-app */,
				0C23AA2926A51643003319FA /* Products */,
			);
			sourceTree = "<group>";
		};
		0C23AA2926A51643003319FA /* Products */ = {
			isa = PBXGroup;
			children = (
				0C23AA2826A51643003319FA /* student-housing-app.app */,
			);
			name = Products;
			sourceTree = "<group>";
		};
		0C23AA2A26A51643003319FA /* student-housing-app */ = {
			isa = PBXGroup;
			children = (
				0C23AA4A26A7DA02003319FA /* cities.txt */,
				0C23AA4726A53541003319FA /* fonts */,
				0C23AA4226A5168F003319FA /* Controller */,
				0C23AA4026A5167C003319FA /* View */,
				0C23AA3F26A51677003319FA /* Model */,
				0C23AA2B26A51643003319FA /* AppDelegate.swift */,
				0C23AA2D26A51643003319FA /* SceneDelegate.swift */,
				0C23AA3126A51645003319FA /* Assets.xcassets */,
				0C23AA3626A51645003319FA /* LaunchScreen.storyboard */,
				0C23AA3926A51645003319FA /* Info.plist */,
				0C23AA3326A51645003319FA /* Preview Content */,
			);
			path = "student-housing-app";
			sourceTree = "<group>";
		};
		0C23AA3326A51645003319FA /* Preview Content */ = {
			isa = PBXGroup;
			children = (
				0C23AA3426A51645003319FA /* Preview Assets.xcassets */,
			);
			path = "Preview Content";
			sourceTree = "<group>";
		};
		0C23AA3F26A51677003319FA /* Model */ = {
			isa = PBXGroup;
			children = (
			);
			path = Model;
			sourceTree = "<group>";
		};
		0C23AA4026A5167C003319FA /* View */ = {
			isa = PBXGroup;
			children = (
			);
			path = View;
			sourceTree = "<group>";
		};
		0C23AA4226A5168F003319FA /* Controller */ = {
			isa = PBXGroup;
			children = (
				0C23AA4526A522BC003319FA /* HomeScreen.swift */,
				0C23AA4826A53CA8003319FA /* SearchScreen.swift */,
				0C23AA4C26A904B9003319FA /* SimplePosts.swift */,
			);
			path = Controller;
			sourceTree = "<group>";
		};
		0C23AA4726A53541003319FA /* fonts */ = {
			isa = PBXGroup;
			children = (
			);
			path = fonts;
			sourceTree = "<group>";
		};
/* End PBXGroup section */

/* Begin PBXNativeTarget section */
		0C23AA2726A51643003319FA /* student-housing-app */ = {
			isa = PBXNativeTarget;
			buildConfigurationList = 0C23AA3C26A51645003319FA /* Build configuration list for PBXNativeTarget "student-housing-app" */;
			buildPhases = (
				0C23AA2426A51643003319FA /* Sources */,
				0C23AA2526A51643003319FA /* Frameworks */,
				0C23AA2626A51643003319FA /* Resources */,
			);
			buildRules = (
			);
			dependencies = (
			);
			name = "student-housing-app";
			productName = "student-housing-app";
			productReference = 0C23AA2826A51643003319FA /* student-housing-app.app */;
			productType = "com.apple.product-type.application";
		};
/* End PBXNativeTarget section */

/* Begin PBXProject section */
		0C23AA2026A51643003319FA /* Project object */ = {
			isa = PBXProject;
			attributes = {
				LastSwiftUpdateCheck = 1250;
				LastUpgradeCheck = 1250;
				TargetAttributes = {
					0C23AA2726A51643003319FA = {
						CreatedOnToolsVersion = 12.5.1;
					};
				};
			};
			buildConfigurationList = 0C23AA2326A51643003319FA /* Build configuration list for PBXProject "student-housing-app" */;
			compatibilityVersion = "Xcode 9.3";
			developmentRegion = en;
			hasScannedForEncodings = 0;
			knownRegions = (
				en,
				Base,
			);
			mainGroup = 0C23AA1F26A51643003319FA;
			productRefGroup = 0C23AA2926A51643003319FA /* Products */;
			projectDirPath = "";
			projectRoot = "";
			targets = (
				0C23AA2726A51643003319FA /* student-housing-app */,
			);
		};
/* End PBXProject section */

/* Begin PBXResourcesBuildPhase section */
		0C23AA2626A51643003319FA /* Resources */ = {
			isa = PBXResourcesBuildPhase;
			buildActionMask = 2147483647;
			files = (
				0C23AA3826A51645003319FA /* LaunchScreen.storyboard in Resources */,
				0C23AA4B26A7DA03003319FA /* cities.txt in Resources */,
				0C23AA3526A51645003319FA /* Preview Assets.xcassets in Resources */,
				0C23AA3226A51645003319FA /* Assets.xcassets in Resources */,
			);
			runOnlyForDeploymentPostprocessing = 0;
		};
/* End PBXResourcesBuildPhase section */

/* Begin PBXSourcesBuildPhase section */
		0C23AA2426A51643003319FA /* Sources */ = {
			isa = PBXSourcesBuildPhase;
			buildActionMask = 2147483647;
			files = (
				0C23AA4626A522BC003319FA /* HomeScreen.swift in Sources */,
				0C23AA2C26A51643003319FA /* AppDelegate.swift in Sources */,
				0C23AA4D26A904B9003319FA /* SimplePosts.swift in Sources */,
				0C23AA2E26A51643003319FA /* SceneDelegate.swift in Sources */,
				0C23AA4926A53CA8003319FA /* SearchScreen.swift in Sources */,
			);
			runOnlyForDeploymentPostprocessing = 0;
		};
/* End PBXSourcesBuildPhase section */

/* Begin PBXVariantGroup section */
		0C23AA3626A51645003319FA /* LaunchScreen.storyboard */ = {
			isa = PBXVariantGroup;
			children = (
				0C23AA3726A51645003319FA /* Base */,
			);
			name = LaunchScreen.storyboard;
			sourceTree = "<group>";
		};
/* End PBXVariantGroup section */

/* Begin XCBuildConfiguration section */
		0C23AA3A26A51645003319FA /* Debug */ = {
			isa = XCBuildConfiguration;
			buildSettings = {
				ALWAYS_SEARCH_USER_PATHS = NO;
				CLANG_ANALYZER_NONNULL = YES;
				CLANG_ANALYZER_NUMBER_OBJECT_CONVERSION = YES_AGGRESSIVE;
				CLANG_CXX_LANGUAGE_STANDARD = "gnu++14";
				CLANG_CXX_LIBRARY = "libc++";
				CLANG_ENABLE_MODULES = YES;
				CLANG_ENABLE_OBJC_ARC = YES;
				CLANG_ENABLE_OBJC_WEAK = YES;
				CLANG_WARN_BLOCK_CAPTURE_AUTORELEASING = YES;
				CLANG_WARN_BOOL_CONVERSION = YES;
				CLANG_WARN_COMMA = YES;
				CLANG_WARN_CONSTANT_CONVERSION = YES;
				CLANG_WARN_DEPRECATED_OBJC_IMPLEMENTATIONS = YES;
				CLANG_WARN_DIRECT_OBJC_ISA_USAGE = YES_ERROR;
				CLANG_WARN_DOCUMENTATION_COMMENTS = YES;
				CLANG_WARN_EMPTY_BODY = YES;
				CLANG_WARN_ENUM_CONVERSION = YES;
				CLANG_WARN_INFINITE_RECURSION = YES;
				CLANG_WARN_INT_CONVERSION = YES;
				CLANG_WARN_NON_LITERAL_NULL_CONVERSION = YES;
				CLANG_WARN_OBJC_IMPLICIT_RETAIN_SELF = YES;
				CLANG_WARN_OBJC_LITERAL_CONVERSION = YES;
				CLANG_WARN_OBJC_ROOT_CLASS = YES_ERROR;
				CLANG_WARN_QUOTED_INCLUDE_IN_FRAMEWORK_HEADER = YES;
				CLANG_WARN_RANGE_LOOP_ANALYSIS = YES;
				CLANG_WARN_STRICT_PROTOTYPES = YES;
				CLANG_WARN_SUSPICIOUS_MOVE = YES;
				CLANG_WARN_UNGUARDED_AVAILABILITY = YES_AGGRESSIVE;
				CLANG_WARN_UNREACHABLE_CODE = YES;
				CLANG_WARN__DUPLICATE_METHOD_MATCH = YES;
				COPY_PHASE_STRIP = NO;
				DEBUG_INFORMATION_FORMAT = dwarf;
				ENABLE_STRICT_OBJC_MSGSEND = YES;
				ENABLE_TESTABILITY = YES;
				GCC_C_LANGUAGE_STANDARD = gnu11;
				GCC_DYNAMIC_NO_PIC = NO;
				GCC_NO_COMMON_BLOCKS = YES;
				GCC_OPTIMIZATION_LEVEL = 0;
				GCC_PREPROCESSOR_DEFINITIONS = (
					"DEBUG=1",
					"$(inherited)",
				);
				GCC_WARN_64_TO_32_BIT_CONVERSION = YES;
				GCC_WARN_ABOUT_RETURN_TYPE = YES_ERROR;
				GCC_WARN_UNDECLARED_SELECTOR = YES;
				GCC_WARN_UNINITIALIZED_AUTOS = YES_AGGRESSIVE;
				GCC_WARN_UNUSED_FUNCTION = YES;
				GCC_WARN_UNUSED_VARIABLE = YES;
				IPHONEOS_DEPLOYMENT_TARGET = 14.5;
				MTL_ENABLE_DEBUG_INFO = INCLUDE_SOURCE;
				MTL_FAST_MATH = YES;
				ONLY_ACTIVE_ARCH = YES;
				SDKROOT = iphoneos;
				SWIFT_ACTIVE_COMPILATION_CONDITIONS = DEBUG;
				SWIFT_OPTIMIZATION_LEVEL = "-Onone";
			};
			name = Debug;
		};
		0C23AA3B26A51645003319FA /* Release */ = {
			isa = XCBuildConfiguration;
			buildSettings = {
				ALWAYS_SEARCH_USER_PATHS = NO;
				CLANG_ANALYZER_NONNULL = YES;
				CLANG_ANALYZER_NUMBER_OBJECT_CONVERSION = YES_AGGRESSIVE;
				CLANG_CXX_LANGUAGE_STANDARD = "gnu++14";
				CLANG_CXX_LIBRARY = "libc++";
				CLANG_ENABLE_MODULES = YES;
				CLANG_ENABLE_OBJC_ARC = YES;
				CLANG_ENABLE_OBJC_WEAK = YES;
				CLANG_WARN_BLOCK_CAPTURE_AUTORELEASING = YES;
				CLANG_WARN_BOOL_CONVERSION = YES;
				CLANG_WARN_COMMA = YES;
				CLANG_WARN_CONSTANT_CONVERSION = YES;
				CLANG_WARN_DEPRECATED_OBJC_IMPLEMENTATIONS = YES;
				CLANG_WARN_DIRECT_OBJC_ISA_USAGE = YES_ERROR;
				CLANG_WARN_DOCUMENTATION_COMMENTS = YES;
				CLANG_WARN_EMPTY_BODY = YES;
				CLANG_WARN_ENUM_CONVERSION = YES;
				CLANG_WARN_INFINITE_RECURSION = YES;
				CLANG_WARN_INT_CONVERSION = YES;
				CLANG_WARN_NON_LITERAL_NULL_CONVERSION = YES;
				CLANG_WARN_OBJC_IMPLICIT_RETAIN_SELF = YES;
				CLANG_WARN_OBJC_LITERAL_CONVERSION = YES;
				CLANG_WARN_OBJC_ROOT_CLASS = YES_ERROR;
				CLANG_WARN_QUOTED_INCLUDE_IN_FRAMEWORK_HEADER = YES;
				CLANG_WARN_RANGE_LOOP_ANALYSIS = YES;
				CLANG_WARN_STRICT_PROTOTYPES = YES;
				CLANG_WARN_SUSPICIOUS_MOVE = YES;
				CLANG_WARN_UNGUARDED_AVAILABILITY = YES_AGGRESSIVE;
				CLANG_WARN_UNREACHABLE_CODE = YES;
				CLANG_WARN__DUPLICATE_METHOD_MATCH = YES;
				COPY_PHASE_STRIP = NO;
				DEBUG_INFORMATION_FORMAT = "dwarf-with-dsym";
				ENABLE_NS_ASSERTIONS = NO;
				ENABLE_STRICT_OBJC_MSGSEND = YES;
				GCC_C_LANGUAGE_STANDARD = gnu11;
				GCC_NO_COMMON_BLOCKS = YES;
				GCC_WARN_64_TO_32_BIT_CONVERSION = YES;
				GCC_WARN_ABOUT_RETURN_TYPE = YES_ERROR;
				GCC_WARN_UNDECLARED_SELECTOR = YES;
				GCC_WARN_UNINITIALIZED_AUTOS = YES_AGGRESSIVE;
				GCC_WARN_UNUSED_FUNCTION = YES;
				GCC_WARN_UNUSED_VARIABLE = YES;
				IPHONEOS_DEPLOYMENT_TARGET = 14.5;
				MTL_ENABLE_DEBUG_INFO = NO;
				MTL_FAST_MATH = YES;
				SDKROOT = iphoneos;
				SWIFT_COMPILATION_MODE = wholemodule;
				SWIFT_OPTIMIZATION_LEVEL = "-O";
				VALIDATE_PRODUCT = YES;
			};
			name = Release;
		};
		0C23AA3D26A51645003319FA /* Debug */ = {
			isa = XCBuildConfiguration;
			buildSettings = {
				ASSETCATALOG_COMPILER_APPICON_NAME = AppIcon;
				ASSETCATALOG_COMPILER_GLOBAL_ACCENT_COLOR_NAME = AccentColor;
				CODE_SIGN_STYLE = Automatic;
				DEVELOPMENT_ASSET_PATHS = "\"student-housing-app/Preview Content\"";
				DEVELOPMENT_TEAM = VMV4SR6X96;
				ENABLE_PREVIEWS = YES;
				INFOPLIST_FILE = "student-housing-app/Info.plist";
				LD_RUNPATH_SEARCH_PATHS = (
					"$(inherited)",
					"@executable_path/Frameworks",
				);
				PRODUCT_BUNDLE_IDENTIFIER = "azimjiwani.student-housing-app";
				PRODUCT_NAME = "$(TARGET_NAME)";
				SWIFT_VERSION = 5.0;
				TARGETED_DEVICE_FAMILY = "1,2";
			};
			name = Debug;
		};
		0C23AA3E26A51645003319FA /* Release */ = {
			isa = XCBuildConfiguration;
			buildSettings = {
				ASSETCATALOG_COMPILER_APPICON_NAME = AppIcon;
				ASSETCATALOG_COMPILER_GLOBAL_ACCENT_COLOR_NAME = AccentColor;
				CODE_SIGN_STYLE = Automatic;
				DEVELOPMENT_ASSET_PATHS = "\"student-housing-app/Preview Content\"";
				DEVELOPMENT_TEAM = VMV4SR6X96;
				ENABLE_PREVIEWS = YES;
				INFOPLIST_FILE = "student-housing-app/Info.plist";
				LD_RUNPATH_SEARCH_PATHS = (
					"$(inherited)",
					"@executable_path/Frameworks",
				);
				PRODUCT_BUNDLE_IDENTIFIER = "azimjiwani.student-housing-app";
				PRODUCT_NAME = "$(TARGET_NAME)";
				SWIFT_VERSION = 5.0;
				TARGETED_DEVICE_FAMILY = "1,2";
			};
			name = Release;
		};
/* End XCBuildConfiguration section */

/* Begin XCConfigurationList section */
		0C23AA2326A51643003319FA /* Build configuration list for PBXProject "student-housing-app" */ = {
			isa = XCConfigurationList;
			buildConfigurations = (
				0C23AA3A26A51645003319FA /* Debug */,
				0C23AA3B26A51645003319FA /* Release */,
			);
			defaultConfigurationIsVisible = 0;
			defaultConfigurationName = Release;
		};
		0C23AA3C26A51645003319FA /* Build configuration list for PBXNativeTarget "student-housing-app" */ = {
			isa = XCConfigurationList;
			buildConfigurations = (
				0C23AA3D26A51645003319FA /* Debug */,
				0C23AA3E26A51645003319FA /* Release */,
			);
			defaultConfigurationIsVisible = 0;
			defaultConfigurationName = Release;
		};
/* End XCConfigurationList section */
	};
	rootObject = 0C23AA2026A51643003319FA /* Project object */;
}
